{
  "object": {
    "pins": [
      {
        "package": "SnapshotTesting",
        "repositoryURL": "https://github.com/pointfreeco/swift-snapshot-testing.git",
        "state": {
          "branch": null,
          "revision": "883f0b0623ae55f41f42e2399dab428017896448",
          "version": "1.5.0"
        }
      }
    ]
  },
  "version": 1
}
